
Microsoft Visual Studio Solution File, Format Version 12.00
# Visual Studio Version 17
VisualStudioVersion = 17.9.34728.123
MinimumVisualStudioVersion = 10.0.40219.1
Project("{FAE04EC0-301F-11D3-BF4B-00C04F79EFBC}") = "AspNetCoreMvc-GenericRepository", "AspNetCoreMvc-GenericRepository\AspNetCoreMvc-GenericRepository.csproj", "{3F0C9FDF-6477-47CF-BCDD-E6D230A3E71E}"
EndProject
Global
	GlobalSection(SolutionConfigurationPlatforms) = preSolution
		Debug|Any CPU = Debug|Any CPU
		Release|Any CPU = Release|Any CPU
	EndGlobalSection
	GlobalSection(ProjectConfigurationPlatforms) = postSolution
		{3F0C9FDF-6477-47CF-BCDD-E6D230A3E71E}.Debug|Any CPU.ActiveCfg = Debug|Any CPU
		{3F0C9FDF-6477-47CF-BCDD-E6D230A3E71E}.Debug|Any CPU.Build.0 = Debug|Any CPU
		{3F0C9FDF-6477-47CF-BCDD-E6D230A3E71E}.Release|Any CPU.ActiveCfg = Release|Any CPU
		{3F0C9FDF-6477-47CF-BCDD-E6D230A3E71E}.Release|Any CPU.Build.0 = Release|Any CPU
	EndGlobalSection
	GlobalSection(SolutionProperties) = preSolution
		HideSolutionNode = FALSE
	EndGlobalSection
	GlobalSection(ExtensibilityGlobals) = postSolution
		SolutionGuid = {8F0A3305-BACA-4EC9-9BB4-3E65972221D2}
	EndGlobalSection
EndGlobal
